
Microsoft Visual Studio Solution File, Format Version 12.00
# Visual Studio Version 17
VisualStudioVersion = 17.5.33627.172
MinimumVisualStudioVersion = 10.0.40219.1
Project("{FAE04EC0-301F-11D3-BF4B-00C04F79EFBC}") = "CaluladoraEquacao2Grau", "CaluladoraEquacao2Grau\CaluladoraEquacao2Grau.csproj", "{DFF976C0-4A45-4B80-A17F-9DA62F89D195}"
EndProject
Global
	GlobalSection(SolutionConfigurationPlatforms) = preSolution
		Debug|Any CPU = Debug|Any CPU
		Release|Any CPU = Release|Any CPU
	EndGlobalSection
	GlobalSection(ProjectConfigurationPlatforms) = postSolution
		{DFF976C0-4A45-4B80-A17F-9DA62F89D195}.Debug|Any CPU.ActiveCfg = Debug|Any CPU
		{DFF976C0-4A45-4B80-A17F-9DA62F89D195}.Debug|Any CPU.Build.0 = Debug|Any CPU
		{DFF976C0-4A45-4B80-A17F-9DA62F89D195}.Release|Any CPU.ActiveCfg = Release|Any CPU
		{DFF976C0-4A45-4B80-A17F-9DA62F89D195}.Release|Any CPU.Build.0 = Release|Any CPU
	EndGlobalSection
	GlobalSection(SolutionProperties) = preSolution
		HideSolutionNode = FALSE
	EndGlobalSection
	GlobalSection(ExtensibilityGlobals) = postSolution
		SolutionGuid = {A14B5DF0-FDD5-4439-9F00-AE5B76AD165B}
	EndGlobalSection
EndGlobal
